
Microsoft Visual Studio Solution File, Format Version 12.00
# Visual Studio Version 17
VisualStudioVersion = 17.2.32602.215
MinimumVisualStudioVersion = 10.0.40219.1
Project("{FAE04EC0-301F-11D3-BF4B-00C04F79EFBC}") = "PowerServiceReports", "PowerServiceReports\PowerServiceReports.csproj", "{02DD0B07-7A85-4433-BA03-5336C86A1008}"
EndProject
Global
	GlobalSection(SolutionConfigurationPlatforms) = preSolution
		Debug|Any CPU = Debug|Any CPU
		Release|Any CPU = Release|Any CPU
	EndGlobalSection
	GlobalSection(ProjectConfigurationPlatforms) = postSolution
		{02DD0B07-7A85-4433-BA03-5336C86A1008}.Debug|Any CPU.ActiveCfg = Debug|Any CPU
		{02DD0B07-7A85-4433-BA03-5336C86A1008}.Debug|Any CPU.Build.0 = Debug|Any CPU
		{02DD0B07-7A85-4433-BA03-5336C86A1008}.Release|Any CPU.ActiveCfg = Release|Any CPU
		{02DD0B07-7A85-4433-BA03-5336C86A1008}.Release|Any CPU.Build.0 = Release|Any CPU
	EndGlobalSection
	GlobalSection(SolutionProperties) = preSolution
		HideSolutionNode = FALSE
	EndGlobalSection
	GlobalSection(ExtensibilityGlobals) = postSolution
		SolutionGuid = {DB7F7CDB-1DC6-4DD3-8A50-789979D30331}
	EndGlobalSection
EndGlobal
